// !$*UTF8*$!
{
	archiveVersion = 1;
	classes = {
	};
	objectVersion = 50;
	objects = {

/* Begin PBXBuildFile section */
		EC49EB4C221358890063089A /* splash.png in Resources */ = {isa = PBXBuildFile; fileRef = EC49EB4B221358890063089A /* splash.png */; };
		EC49EB4E2213729B0063089A /* Images.xcassets in Resources */ = {isa = PBXBuildFile; fileRef = EC49EB4D2213729B0063089A /* Images.xcassets */; };
		EC49EB602213795C0063089A /* ios_120.png in Resources */ = {isa = PBXBuildFile; fileRef = EC49EB5F2213795C0063089A /* ios_120.png */; };
		ECE82C18220DCF9B00873617 /* AppDelegate.swift in Sources */ = {isa = PBXBuildFile; fileRef = ECE82C17220DCF9B00873617 /* AppDelegate.swift */; };
		ECE82C1A220DCF9B00873617 /* ViewController.swift in Sources */ = {isa = PBXBuildFile; fileRef = ECE82C19220DCF9B00873617 /* ViewController.swift */; };
		ECE82C1D220DCF9B00873617 /* Main.storyboard in Resources */ = {isa = PBXBuildFile; fileRef = ECE82C1B220DCF9B00873617 /* Main.storyboard */; };
		ECE82C22220DCF9D00873617 /* LaunchScreen.storyboard in Resources */ = {isa = PBXBuildFile; fileRef = ECE82C20220DCF9D00873617 /* LaunchScreen.storyboard */; };
/* End PBXBuildFile section */

/* Begin PBXFileReference section */
		3A2FF2F62214B96100CCCAD9 /* Pazarcim.entitlements */ = {isa = PBXFileReference; lastKnownFileType = text.plist.entitlements; path = Pazarcim.entitlements; sourceTree = "<group>"; };
		EC49EB4B221358890063089A /* splash.png */ = {isa = PBXFileReference; lastKnownFileType = image.png; path = splash.png; sourceTree = "<group>"; };
		EC49EB4D2213729B0063089A /* Images.xcassets */ = {isa = PBXFileReference; lastKnownFileType = folder.assetcatalog; path = Images.xcassets; sourceTree = "<group>"; };
		EC49EB5F2213795C0063089A /* ios_120.png */ = {isa = PBXFileReference; lastKnownFileType = image.png; path = ios_120.png; sourceTree = "<group>"; };
		ECE82C14220DCF9B00873617 /* Pazarcim.app */ = {isa = PBXFileReference; explicitFileType = wrapper.application; includeInIndex = 0; path = Pazarcim.app; sourceTree = BUILT_PRODUCTS_DIR; };
		ECE82C17220DCF9B00873617 /* AppDelegate.swift */ = {isa = PBXFileReference; lastKnownFileType = sourcecode.swift; path = AppDelegate.swift; sourceTree = "<group>"; };
		ECE82C19220DCF9B00873617 /* ViewController.swift */ = {isa = PBXFileReference; lastKnownFileType = sourcecode.swift; path = ViewController.swift; sourceTree = "<group>"; };
		ECE82C1C220DCF9B00873617 /* Base */ = {isa = PBXFileReference; lastKnownFileType = file.storyboard; name = Base; path = Base.lproj/Main.storyboard; sourceTree = "<group>"; };
		ECE82C21220DCF9D00873617 /* Base */ = {isa = PBXFileReference; lastKnownFileType = file.storyboard; name = Base; path = Base.lproj/LaunchScreen.storyboard; sourceTree = "<group>"; };
		ECE82C23220DCF9D00873617 /* Info.plist */ = {isa = PBXFileReference; lastKnownFileType = text.plist.xml; path = Info.plist; sourceTree = "<group>"; };
/* End PBXFileReference section */

/* Begin PBXFrameworksBuildPhase section */
		ECE82C11220DCF9B00873617 /* Frameworks */ = {
			isa = PBXFrameworksBuildPhase;
			buildActionMask = 2147483647;
			files = (
			);
			runOnlyForDeploymentPostprocessing = 0;
		};
/* End PBXFrameworksBuildPhase section */

/* Begin PBXGroup section */
		ECE82C0B220DCF9B00873617 = {
			isa = PBXGroup;
			children = (
				ECE82C16220DCF9B00873617 /* Pazarcim */,
				ECE82C15220DCF9B00873617 /* Products */,
			);
			sourceTree = "<group>";
		};
		ECE82C15220DCF9B00873617 /* Products */ = {
			isa = PBXGroup;
			children = (
				ECE82C14220DCF9B00873617 /* Pazarcim.app */,
			);
			name = Products;
			sourceTree = "<group>";
		};
		ECE82C16220DCF9B00873617 /* Pazarcim */ = {
			isa = PBXGroup;
			children = (
				3A2FF2F62214B96100CCCAD9 /* Pazarcim.entitlements */,
				EC49EB4B221358890063089A /* splash.png */,
				ECE82C17220DCF9B00873617 /* AppDelegate.swift */,
				ECE82C19220DCF9B00873617 /* ViewController.swift */,
				ECE82C1B220DCF9B00873617 /* Main.storyboard */,
				ECE82C20220DCF9D00873617 /* LaunchScreen.storyboard */,
				ECE82C23220DCF9D00873617 /* Info.plist */,
				EC49EB5F2213795C0063089A /* ios_120.png */,
				EC49EB4D2213729B0063089A /* Images.xcassets */,
			);
			path = Pazarcim;
			sourceTree = "<group>";
		};
/* End PBXGroup section */

/* Begin PBXNativeTarget section */
		ECE82C13220DCF9B00873617 /* Pazarcim */ = {
			isa = PBXNativeTarget;
			buildConfigurationList = ECE82C26220DCF9D00873617 /* Build configuration list for PBXNativeTarget "Pazarcim" */;
			buildPhases = (
				ECE82C10220DCF9B00873617 /* Sources */,
				ECE82C11220DCF9B00873617 /* Frameworks */,
				ECE82C12220DCF9B00873617 /* Resources */,
			);
			buildRules = (
			);
			dependencies = (
			);
			name = Pazarcim;
			productName = Pazarcim;
			productReference = ECE82C14220DCF9B00873617 /* Pazarcim.app */;
			productType = "com.apple.product-type.application";
		};
/* End PBXNativeTarget section */

/* Begin PBXProject section */
		ECE82C0C220DCF9B00873617 /* Project object */ = {
			isa = PBXProject;
			attributes = {
				LastSwiftUpdateCheck = 1010;
				LastUpgradeCheck = 1010;
				ORGANIZATIONNAME = "ismail KASONGO";
				TargetAttributes = {
					ECE82C13220DCF9B00873617 = {
						CreatedOnToolsVersion = 10.1;
						SystemCapabilities = {
							com.apple.AccessWiFi = {
								enabled = 0;
							};
						};
					};
				};
			};
			buildConfigurationList = ECE82C0F220DCF9B00873617 /* Build configuration list for PBXProject "Pazarcim" */;
			compatibilityVersion = "Xcode 9.3";
			developmentRegion = en;
			hasScannedForEncodings = 0;
			knownRegions = (
				en,
				Base,
			);
			mainGroup = ECE82C0B220DCF9B00873617;
			productRefGroup = ECE82C15220DCF9B00873617 /* Products */;
			projectDirPath = "";
			projectRoot = "";
			targets = (
				ECE82C13220DCF9B00873617 /* Pazarcim */,
			);
		};
/* End PBXProject section */

/* Begin PBXResourcesBuildPhase section */
		ECE82C12220DCF9B00873617 /* Resources */ = {
			isa = PBXResourcesBuildPhase;
			buildActionMask = 2147483647;
			files = (
				EC49EB602213795C0063089A /* ios_120.png in Resources */,
				EC49EB4C221358890063089A /* splash.png in Resources */,
				EC49EB4E2213729B0063089A /* Images.xcassets in Resources */,
				ECE82C22220DCF9D00873617 /* LaunchScreen.storyboard in Resources */,
				ECE82C1D220DCF9B00873617 /* Main.storyboard in Resources */,
			);
			runOnlyForDeploymentPostprocessing = 0;
		};
/* End PBXResourcesBuildPhase section */

/* Begin PBXSourcesBuildPhase section */
		ECE82C10220DCF9B00873617 /* Sources */ = {
			isa = PBXSourcesBuildPhase;
			buildActionMask = 2147483647;
			files = (
				ECE82C1A220DCF9B00873617 /* ViewController.swift in Sources */,
				ECE82C18220DCF9B00873617 /* AppDelegate.swift in Sources */,
			);
			runOnlyForDeploymentPostprocessing = 0;
		};
/* End PBXSourcesBuildPhase section */

/* Begin PBXVariantGroup section */
		ECE82C1B220DCF9B00873617 /* Main.storyboard */ = {
			isa = PBXVariantGroup;
			children = (
				ECE82C1C220DCF9B00873617 /* Base */,
			);
			name = Main.storyboard;
			sourceTree = "<group>";
		};
		ECE82C20220DCF9D00873617 /* LaunchScreen.storyboard */ = {
			isa = PBXVariantGroup;
			children = (
				ECE82C21220DCF9D00873617 /* Base */,
			);
			name = LaunchScreen.storyboard;
			sourceTree = "<group>";
		};
/* End PBXVariantGroup section */

/* Begin XCBuildConfiguration section */
		ECE82C24220DCF9D00873617 /* Debug */ = {
			isa = XCBuildConfiguration;
			buildSettings = {
				ALWAYS_SEARCH_USER_PATHS = NO;
				CLANG_ANALYZER_NONNULL = YES;
				CLANG_ANALYZER_NUMBER_OBJECT_CONVERSION = YES_AGGRESSIVE;
				CLANG_CXX_LANGUAGE_STANDARD = "gnu++14";
				CLANG_CXX_LIBRARY = "libc++";
				CLANG_ENABLE_MODULES = YES;
				CLANG_ENABLE_OBJC_ARC = YES;
				CLANG_ENABLE_OBJC_WEAK = YES;
				CLANG_WARN_BLOCK_CAPTURE_AUTORELEASING = YES;
				CLANG_WARN_BOOL_CONVERSION = YES;
				CLANG_WARN_COMMA = YES;
				CLANG_WARN_CONSTANT_CONVERSION = YES;
				CLANG_WARN_DEPRECATED_OBJC_IMPLEMENTATIONS = YES;
				CLANG_WARN_DIRECT_OBJC_ISA_USAGE = YES_ERROR;
				CLANG_WARN_DOCUMENTATION_COMMENTS = YES;
				CLANG_WARN_EMPTY_BODY = YES;
				CLANG_WARN_ENUM_CONVERSION = YES;
				CLANG_WARN_INFINITE_RECURSION = YES;
				CLANG_WARN_INT_CONVERSION = YES;
				CLANG_WARN_NON_LITERAL_NULL_CONVERSION = YES;
				CLANG_WARN_OBJC_IMPLICIT_RETAIN_SELF = YES;
				CLANG_WARN_OBJC_LITERAL_CONVERSION = YES;
				CLANG_WARN_OBJC_ROOT_CLASS = YES_ERROR;
				CLANG_WARN_RANGE_LOOP_ANALYSIS = YES;
				CLANG_WARN_STRICT_PROTOTYPES = YES;
				CLANG_WARN_SUSPICIOUS_MOVE = YES;
				CLANG_WARN_UNGUARDED_AVAILABILITY = YES_AGGRESSIVE;
				CLANG_WARN_UNREACHABLE_CODE = YES;
				CLANG_WARN__DUPLICATE_METHOD_MATCH = YES;
				CODE_SIGN_IDENTITY = "iPhone Developer";
				COPY_PHASE_STRIP = NO;
				DEBUG_INFORMATION_FORMAT = dwarf;
				ENABLE_STRICT_OBJC_MSGSEND = YES;
				ENABLE_TESTABILITY = YES;
				GCC_C_LANGUAGE_STANDARD = gnu11;
				GCC_DYNAMIC_NO_PIC = NO;
				GCC_NO_COMMON_BLOCKS = YES;
				GCC_OPTIMIZATION_LEVEL = 0;
				GCC_PREPROCESSOR_DEFINITIONS = (
					"DEBUG=1",
					"$(inherited)",
				);
				GCC_WARN_64_TO_32_BIT_CONVERSION = YES;
				GCC_WARN_ABOUT_RETURN_TYPE = YES_ERROR;
				GCC_WARN_UNDECLARED_SELECTOR = YES;
				GCC_WARN_UNINITIALIZED_AUTOS = YES_AGGRESSIVE;
				GCC_WARN_UNUSED_FUNCTION = YES;
				GCC_WARN_UNUSED_VARIABLE = YES;
				IPHONEOS_DEPLOYMENT_TARGET = 12.1;
				MTL_ENABLE_DEBUG_INFO = INCLUDE_SOURCE;
				MTL_FAST_MATH = YES;
				ONLY_ACTIVE_ARCH = YES;
				SDKROOT = iphoneos;
				SWIFT_ACTIVE_COMPILATION_CONDITIONS = DEBUG;
				SWIFT_OPTIMIZATION_LEVEL = "-Onone";
			};
			name = Debug;
		};
		ECE82C25220DCF9D00873617 /* Release */ = {
			isa = XCBuildConfiguration;
			buildSettings = {
				ALWAYS_SEARCH_USER_PATHS = NO;
				CLANG_ANALYZER_NONNULL = YES;
				CLANG_ANALYZER_NUMBER_OBJECT_CONVERSION = YES_AGGRESSIVE;
				CLANG_CXX_LANGUAGE_STANDARD = "gnu++14";
				CLANG_CXX_LIBRARY = "libc++";
				CLANG_ENABLE_MODULES = YES;
				CLANG_ENABLE_OBJC_ARC = YES;
				CLANG_ENABLE_OBJC_WEAK = YES;
				CLANG_WARN_BLOCK_CAPTURE_AUTORELEASING = YES;
				CLANG_WARN_BOOL_CONVERSION = YES;
				CLANG_WARN_COMMA = YES;
				CLANG_WARN_CONSTANT_CONVERSION = YES;
				CLANG_WARN_DEPRECATED_OBJC_IMPLEMENTATIONS = YES;
				CLANG_WARN_DIRECT_OBJC_ISA_USAGE = YES_ERROR;
				CLANG_WARN_DOCUMENTATION_COMMENTS = YES;
				CLANG_WARN_EMPTY_BODY = YES;
				CLANG_WARN_ENUM_CONVERSION = YES;
				CLANG_WARN_INFINITE_RECURSION = YES;
				CLANG_WARN_INT_CONVERSION = YES;
				CLANG_WARN_NON_LITERAL_NULL_CONVERSION = YES;
				CLANG_WARN_OBJC_IMPLICIT_RETAIN_SELF = YES;
				CLANG_WARN_OBJC_LITERAL_CONVERSION = YES;
				CLANG_WARN_OBJC_ROOT_CLASS = YES_ERROR;
				CLANG_WARN_RANGE_LOOP_ANALYSIS = YES;
				CLANG_WARN_STRICT_PROTOTYPES = YES;
				CLANG_WARN_SUSPICIOUS_MOVE = YES;
				CLANG_WARN_UNGUARDED_AVAILABILITY = YES_AGGRESSIVE;
				CLANG_WARN_UNREACHABLE_CODE = YES;
				CLANG_WARN__DUPLICATE_METHOD_MATCH = YES;
				CODE_SIGN_IDENTITY = "iPhone Developer";
				COPY_PHASE_STRIP = NO;
				DEBUG_INFORMATION_FORMAT = "dwarf-with-dsym";
				ENABLE_NS_ASSERTIONS = NO;
				ENABLE_STRICT_OBJC_MSGSEND = YES;
				GCC_C_LANGUAGE_STANDARD = gnu11;
				GCC_NO_COMMON_BLOCKS = YES;
				GCC_WARN_64_TO_32_BIT_CONVERSION = YES;
				GCC_WARN_ABOUT_RETURN_TYPE = YES_ERROR;
				GCC_WARN_UNDECLARED_SELECTOR = YES;
				GCC_WARN_UNINITIALIZED_AUTOS = YES_AGGRESSIVE;
				GCC_WARN_UNUSED_FUNCTION = YES;
				GCC_WARN_UNUSED_VARIABLE = YES;
				IPHONEOS_DEPLOYMENT_TARGET = 12.1;
				MTL_ENABLE_DEBUG_INFO = NO;
				MTL_FAST_MATH = YES;
				SDKROOT = iphoneos;
				SWIFT_COMPILATION_MODE = wholemodule;
				SWIFT_OPTIMIZATION_LEVEL = "-O";
				VALIDATE_PRODUCT = YES;
			};
			name = Release;
		};
		ECE82C27220DCF9D00873617 /* Debug */ = {
			isa = XCBuildConfiguration;
			buildSettings = {
				ASSETCATALOG_COMPILER_APPICON_NAME = AppIcon;
				ASSETCATALOG_COMPILER_LAUNCHIMAGE_NAME = LaunchImage;
				CODE_SIGN_STYLE = Automatic;
				DEVELOPMENT_TEAM = 29J29C24M6;
				INFOPLIST_FILE = Pazarcim/Info.plist;
				LD_RUNPATH_SEARCH_PATHS = (
					"$(inherited)",
					"@executable_path/Frameworks",
				);
				PRODUCT_BUNDLE_IDENTIFIER = com.pazarcimapp.pazarcimapp;
				PRODUCT_NAME = "$(TARGET_NAME)";
				SWIFT_VERSION = 4.2;
				TARGETED_DEVICE_FAMILY = "1,2";
			};
			name = Debug;
		};
		ECE82C28220DCF9D00873617 /* Release */ = {
			isa = XCBuildConfiguration;
			buildSettings = {
				ASSETCATALOG_COMPILER_APPICON_NAME = AppIcon;
				ASSETCATALOG_COMPILER_LAUNCHIMAGE_NAME = LaunchImage;
				CODE_SIGN_STYLE = Automatic;
				DEVELOPMENT_TEAM = 29J29C24M6;
				INFOPLIST_FILE = Pazarcim/Info.plist;
				LD_RUNPATH_SEARCH_PATHS = (
					"$(inherited)",
					"@executable_path/Frameworks",
				);
				PRODUCT_BUNDLE_IDENTIFIER = com.pazarcimapp.pazarcimapp;
				PRODUCT_NAME = "$(TARGET_NAME)";
				SWIFT_VERSION = 4.2;
				TARGETED_DEVICE_FAMILY = "1,2";
			};
			name = Release;
		};
/* End XCBuildConfiguration section */

/* Begin XCConfigurationList section */
		ECE82C0F220DCF9B00873617 /* Build configuration list for PBXProject "Pazarcim" */ = {
			isa = XCConfigurationList;
			buildConfigurations = (
				ECE82C24220DCF9D00873617 /* Debug */,
				ECE82C25220DCF9D00873617 /* Release */,
			);
			defaultConfigurationIsVisible = 0;
			defaultConfigurationName = Release;
		};
		ECE82C26220DCF9D00873617 /* Build configuration list for PBXNativeTarget "Pazarcim" */ = {
			isa = XCConfigurationList;
			buildConfigurations = (
				ECE82C27220DCF9D00873617 /* Debug */,
				ECE82C28220DCF9D00873617 /* Release */,
			);
			defaultConfigurationIsVisible = 0;
			defaultConfigurationName = Release;
		};
/* End XCConfigurationList section */
	};
	rootObject = ECE82C0C220DCF9B00873617 /* Project object */;
}
